
Microsoft Visual Studio Solution File, Format Version 12.00
# Visual Studio Version 17
VisualStudioVersion = 17.2.32630.192
MinimumVisualStudioVersion = 10.0.40219.1
Project("{FAE04EC0-301F-11D3-BF4B-00C04F79EFBC}") = "FigureArea", "FigureArea\FigureArea.csproj", "{178DA6C0-D0E1-45AC-BD8F-5437B1727A5C}"
EndProject
Project("{FAE04EC0-301F-11D3-BF4B-00C04F79EFBC}") = "MainProject", "MainProject\MainProject.csproj", "{100C424F-1A81-45E1-8D61-A16CD215981B}"
EndProject
Project("{FAE04EC0-301F-11D3-BF4B-00C04F79EFBC}") = "CheckString", "CheckString\CheckString.csproj", "{D79DDBFF-46BC-42FA-8377-AA1ADDC12DE5}"
EndProject
Project("{FAE04EC0-301F-11D3-BF4B-00C04F79EFBC}") = "CheckPerson", "CheckPerson\CheckPerson.csproj", "{73F69D83-8171-47DB-95BE-F6243FE95131}"
EndProject
Project("{FAE04EC0-301F-11D3-BF4B-00C04F79EFBC}") = "MyFileClass", "MyFileClass\MyFileClass.csproj", "{1871A7A7-FBFF-4AFD-907F-8E2F74493314}"
EndProject
Global
	GlobalSection(SolutionConfigurationPlatforms) = preSolution
		Debug|Any CPU = Debug|Any CPU
		Release|Any CPU = Release|Any CPU
	EndGlobalSection
	GlobalSection(ProjectConfigurationPlatforms) = postSolution
		{178DA6C0-D0E1-45AC-BD8F-5437B1727A5C}.Debug|Any CPU.ActiveCfg = Debug|Any CPU
		{178DA6C0-D0E1-45AC-BD8F-5437B1727A5C}.Debug|Any CPU.Build.0 = Debug|Any CPU
		{178DA6C0-D0E1-45AC-BD8F-5437B1727A5C}.Release|Any CPU.ActiveCfg = Release|Any CPU
		{178DA6C0-D0E1-45AC-BD8F-5437B1727A5C}.Release|Any CPU.Build.0 = Release|Any CPU
		{100C424F-1A81-45E1-8D61-A16CD215981B}.Debug|Any CPU.ActiveCfg = Debug|Any CPU
		{100C424F-1A81-45E1-8D61-A16CD215981B}.Debug|Any CPU.Build.0 = Debug|Any CPU
		{100C424F-1A81-45E1-8D61-A16CD215981B}.Release|Any CPU.ActiveCfg = Release|Any CPU
		{100C424F-1A81-45E1-8D61-A16CD215981B}.Release|Any CPU.Build.0 = Release|Any CPU
		{D79DDBFF-46BC-42FA-8377-AA1ADDC12DE5}.Debug|Any CPU.ActiveCfg = Debug|Any CPU
		{D79DDBFF-46BC-42FA-8377-AA1ADDC12DE5}.Debug|Any CPU.Build.0 = Debug|Any CPU
		{D79DDBFF-46BC-42FA-8377-AA1ADDC12DE5}.Release|Any CPU.ActiveCfg = Release|Any CPU
		{D79DDBFF-46BC-42FA-8377-AA1ADDC12DE5}.Release|Any CPU.Build.0 = Release|Any CPU
		{73F69D83-8171-47DB-95BE-F6243FE95131}.Debug|Any CPU.ActiveCfg = Debug|Any CPU
		{73F69D83-8171-47DB-95BE-F6243FE95131}.Debug|Any CPU.Build.0 = Debug|Any CPU
		{73F69D83-8171-47DB-95BE-F6243FE95131}.Release|Any CPU.ActiveCfg = Release|Any CPU
		{73F69D83-8171-47DB-95BE-F6243FE95131}.Release|Any CPU.Build.0 = Release|Any CPU
		{1871A7A7-FBFF-4AFD-907F-8E2F74493314}.Debug|Any CPU.ActiveCfg = Debug|Any CPU
		{1871A7A7-FBFF-4AFD-907F-8E2F74493314}.Debug|Any CPU.Build.0 = Debug|Any CPU
		{1871A7A7-FBFF-4AFD-907F-8E2F74493314}.Release|Any CPU.ActiveCfg = Release|Any CPU
		{1871A7A7-FBFF-4AFD-907F-8E2F74493314}.Release|Any CPU.Build.0 = Release|Any CPU
	EndGlobalSection
	GlobalSection(SolutionProperties) = preSolution
		HideSolutionNode = FALSE
	EndGlobalSection
	GlobalSection(ExtensibilityGlobals) = postSolution
		SolutionGuid = {08BD41E1-C315-4BD1-BB2E-70622D67A892}
	EndGlobalSection
EndGlobal
